lockfileVersion: '9.0'

settings:
  autoInstallPeers: true
  excludeLinksFromLockfile: false

importers:

  .:
    devDependencies:
      '@async/api-contract':
        specifier: 0.1.1
        version: 0.1.1
      '@async/pipeline':
        specifier: 0.8.2
        version: 0.8.2
      '@types/node':
        specifier: 24.12.4
        version: 24.12.4
      json5:
        specifier: 2.2.3
        version: 2.2.3
      typescript:
        specifier: 6.0.3
        version: 6.0.3

packages:

  '@async/api-contract@0.1.1':
    resolution: {integrity: sha512-NQBmR6ykHHVLviz1qkkHdiBUL+SVL+xTCNmTN1yB2Nf6qCrgx2wCkaa5fUegk4ihXehkpEFLSprkOsgJxNuKAA==}
    engines: {node: '>=24'}
    hasBin: true

  '@async/pipeline@0.8.2':
    resolution: {integrity: sha512-t7zPOnPdyD2zkX7qRJKgefWaqtjlDRTh3J4QKqoHIxASgyRXBevtlhT9vN36Fxl4oo9zx+z3PLA2zC2wU2o6rQ==}
    engines: {node: '>=24'}
    hasBin: true

  '@types/node@24.12.4':
    resolution: {integrity: sha512-GUUEShf+PBCGW2KaXwcIt3Yk+e3pkKwWKb9GSyM9WQVE+ep2jzmHdGsHzu4wgcZy5fN9FBdVzjpBQsYlpfpgLA==}

  json5@2.2.3:
    resolution: {integrity: sha512-XmOWe7eyHYH14cLdVPoyg+GOH3rYX++KpzrylJwSW98t3Nk+U8XOl8FWKOgwtzdb8lXGf6zYwDUzeHMWfxasyg==}
    engines: {node: '>=6'}
    hasBin: true

  typescript@6.0.3:
    resolution: {integrity: sha512-y2TvuxSZPDyQakkFRPZHKFm+KKVqIisdg9/CZwm9ftvKXLP8NRWj38/ODjNbr43SsoXqNuAisEf1GdCxqWcdBw==}
    engines: {node: '>=14.17'}
    hasBin: true

  undici-types@7.16.0:
    resolution: {integrity: sha512-Zz+aZWSj8LE6zoxD+xrjh4VfkIG8Ya6LvYkZqtUQGJPZjYl53ypCaUwWqo7eI0x66KBGeRo+mlBEkMSeSZ38Nw==}

snapshots:

  '@async/api-contract@0.1.1': {}

  '@async/pipeline@0.8.2': {}

  '@types/node@24.12.4':
    dependencies:
      undici-types: 7.16.0

  json5@2.2.3: {}

  typescript@6.0.3: {}

  undici-types@7.16.0: {}
